
Microsoft Visual Studio Solution File, Format Version 12.00
# Visual Studio Version 17
VisualStudioVersion = 17.3.32825.248
MinimumVisualStudioVersion = 10.0.40219.1
Project("{FAE04EC0-301F-11D3-BF4B-00C04F79EFBC}") = "CRUD.EF", "CRUD.EF.csproj", "{D75E4A3B-3A61-4DC4-845C-F568A48AC1C9}"
EndProject
Project("{FAE04EC0-301F-11D3-BF4B-00C04F79EFBC}") = "CRUD.Domain", "..\CRUD.Domain\CRUD.Domain.csproj", "{2AE326CB-0169-4570-BB01-4FA578FB25F3}"
EndProject
Project("{FAE04EC0-301F-11D3-BF4B-00C04F79EFBC}") = "CRUDWeb", "..\CRUDWeb\CRUDWeb.csproj", "{A2C94AA3-FB74-4EFA-B67F-198B746A3449}"
EndProject
Global
	GlobalSection(SolutionConfigurationPlatforms) = preSolution
		Debug|Any CPU = Debug|Any CPU
		Release|Any CPU = Release|Any CPU
	EndGlobalSection
	GlobalSection(ProjectConfigurationPlatforms) = postSolution
		{D75E4A3B-3A61-4DC4-845C-F568A48AC1C9}.Debug|Any CPU.ActiveCfg = Debug|Any CPU
		{D75E4A3B-3A61-4DC4-845C-F568A48AC1C9}.Debug|Any CPU.Build.0 = Debug|Any CPU
		{D75E4A3B-3A61-4DC4-845C-F568A48AC1C9}.Release|Any CPU.ActiveCfg = Release|Any CPU
		{D75E4A3B-3A61-4DC4-845C-F568A48AC1C9}.Release|Any CPU.Build.0 = Release|Any CPU
		{2AE326CB-0169-4570-BB01-4FA578FB25F3}.Debug|Any CPU.ActiveCfg = Debug|Any CPU
		{2AE326CB-0169-4570-BB01-4FA578FB25F3}.Debug|Any CPU.Build.0 = Debug|Any CPU
		{2AE326CB-0169-4570-BB01-4FA578FB25F3}.Release|Any CPU.ActiveCfg = Release|Any CPU
		{2AE326CB-0169-4570-BB01-4FA578FB25F3}.Release|Any CPU.Build.0 = Release|Any CPU
		{A2C94AA3-FB74-4EFA-B67F-198B746A3449}.Debug|Any CPU.ActiveCfg = Debug|Any CPU
		{A2C94AA3-FB74-4EFA-B67F-198B746A3449}.Debug|Any CPU.Build.0 = Debug|Any CPU
		{A2C94AA3-FB74-4EFA-B67F-198B746A3449}.Release|Any CPU.ActiveCfg = Release|Any CPU
		{A2C94AA3-FB74-4EFA-B67F-198B746A3449}.Release|Any CPU.Build.0 = Release|Any CPU
	EndGlobalSection
	GlobalSection(SolutionProperties) = preSolution
		HideSolutionNode = FALSE
	EndGlobalSection
	GlobalSection(ExtensibilityGlobals) = postSolution
		SolutionGuid = {DAB6499B-7A1C-4A67-BD60-4734F4DA128D}
	EndGlobalSection
EndGlobal
